// !$*UTF8*$!
{
	archiveVersion = 1;
	classes = {
	};
	objectVersion = 55;
	objects = {

/* Begin PBXBuildFile section */
		184C155A2726B5F10018A00C /* SocialLogins.docc in Sources */ = {isa = PBXBuildFile; fileRef = 184C15592726B5F10018A00C /* SocialLogins.docc */; };
		184C15602726B5F10018A00C /* SocialLogins.framework in Frameworks */ = {isa = PBXBuildFile; fileRef = 184C15552726B5F10018A00C /* SocialLogins.framework */; };
		184C15652726B5F10018A00C /* SocialLoginsTests.swift in Sources */ = {isa = PBXBuildFile; fileRef = 184C15642726B5F10018A00C /* SocialLoginsTests.swift */; };
		184C15662726B5F10018A00C /* SocialLogins.h in Headers */ = {isa = PBXBuildFile; fileRef = 184C15582726B5F10018A00C /* SocialLogins.h */; settings = {ATTRIBUTES = (Public, ); }; };
		184C15702726B6320018A00C /* SocialLoginHandler.swift in Sources */ = {isa = PBXBuildFile; fileRef = 184C156F2726B6320018A00C /* SocialLoginHandler.swift */; };
		D381661B39D8D5FBDB0FB08C /* Pods_SocialLogins_SocialLoginsTests.framework in Frameworks */ = {isa = PBXBuildFile; fileRef = 291D39DD76C0A5B7CF1D05E5 /* Pods_SocialLogins_SocialLoginsTests.framework */; };
		DC1EC5BFBF4F22A051452215 /* Pods_SocialLogins.framework in Frameworks */ = {isa = PBXBuildFile; fileRef = C24FA14A79EB151F15F18F56 /* Pods_SocialLogins.framework */; };
/* End PBXBuildFile section */

/* Begin PBXContainerItemProxy section */
		184C15612726B5F10018A00C /* PBXContainerItemProxy */ = {
			isa = PBXContainerItemProxy;
			containerPortal = 184C154C2726B5F10018A00C /* Project object */;
			proxyType = 1;
			remoteGlobalIDString = 184C15542726B5F10018A00C;
			remoteInfo = SocialLogins;
		};
/* End PBXContainerItemProxy section */

/* Begin PBXFileReference section */
		101447668FCA736DDB89F6AD /* Pods-SocialLogins.release.xcconfig */ = {isa = PBXFileReference; includeInIndex = 1; lastKnownFileType = text.xcconfig; name = "Pods-SocialLogins.release.xcconfig"; path = "Target Support Files/Pods-SocialLogins/Pods-SocialLogins.release.xcconfig"; sourceTree = "<group>"; };
		184C15552726B5F10018A00C /* SocialLogins.framework */ = {isa = PBXFileReference; explicitFileType = wrapper.framework; includeInIndex = 0; path = SocialLogins.framework; sourceTree = BUILT_PRODUCTS_DIR; };
		184C15582726B5F10018A00C /* SocialLogins.h */ = {isa = PBXFileReference; lastKnownFileType = sourcecode.c.h; path = SocialLogins.h; sourceTree = "<group>"; };
		184C15592726B5F10018A00C /* SocialLogins.docc */ = {isa = PBXFileReference; lastKnownFileType = folder.documentationcatalog; path = SocialLogins.docc; sourceTree = "<group>"; };
		184C155F2726B5F10018A00C /* SocialLoginsTests.xctest */ = {isa = PBXFileReference; explicitFileType = wrapper.cfbundle; includeInIndex = 0; path = SocialLoginsTests.xctest; sourceTree = BUILT_PRODUCTS_DIR; };
		184C15642726B5F10018A00C /* SocialLoginsTests.swift */ = {isa = PBXFileReference; lastKnownFileType = sourcecode.swift; path = SocialLoginsTests.swift; sourceTree = "<group>"; };
		184C156F2726B6320018A00C /* SocialLoginHandler.swift */ = {isa = PBXFileReference; lastKnownFileType = sourcecode.swift; path = SocialLoginHandler.swift; sourceTree = "<group>"; };
		291D39DD76C0A5B7CF1D05E5 /* Pods_SocialLogins_SocialLoginsTests.framework */ = {isa = PBXFileReference; explicitFileType = wrapper.framework; includeInIndex = 0; path = Pods_SocialLogins_SocialLoginsTests.framework; sourceTree = BUILT_PRODUCTS_DIR; };
		38E159E3A81E471D146D40BA /* Pods-SocialLogins-SocialLoginsTests.release.xcconfig */ = {isa = PBXFileReference; includeInIndex = 1; lastKnownFileType = text.xcconfig; name = "Pods-SocialLogins-SocialLoginsTests.release.xcconfig"; path = "Target Support Files/Pods-SocialLogins-SocialLoginsTests/Pods-SocialLogins-SocialLoginsTests.release.xcconfig"; sourceTree = "<group>"; };
		C24FA14A79EB151F15F18F56 /* Pods_SocialLogins.framework */ = {isa = PBXFileReference; explicitFileType = wrapper.framework; includeInIndex = 0; path = Pods_SocialLogins.framework; sourceTree = BUILT_PRODUCTS_DIR; };
		C2B672FDDB9DC003E7556F02 /* Pods-SocialLogins-SocialLoginsTests.debug.xcconfig */ = {isa = PBXFileReference; includeInIndex = 1; lastKnownFileType = text.xcconfig; name = "Pods-SocialLogins-SocialLoginsTests.debug.xcconfig"; path = "Target Support Files/Pods-SocialLogins-SocialLoginsTests/Pods-SocialLogins-SocialLoginsTests.debug.xcconfig"; sourceTree = "<group>"; };
		C44791565C590E92E7141E01 /* Pods-SocialLogins.debug.xcconfig */ = {isa = PBXFileReference; includeInIndex = 1; lastKnownFileType = text.xcconfig; name = "Pods-SocialLogins.debug.xcconfig"; path = "Target Support Files/Pods-SocialLogins/Pods-SocialLogins.debug.xcconfig"; sourceTree = "<group>"; };
/* End PBXFileReference section */

/* Begin PBXFrameworksBuildPhase section */
		184C15522726B5F10018A00C /* Frameworks */ = {
			isa = PBXFrameworksBuildPhase;
			buildActionMask = 2147483647;
			files = (
				DC1EC5BFBF4F22A051452215 /* Pods_SocialLogins.framework in Frameworks */,
			);
			runOnlyForDeploymentPostprocessing = 0;
		};
		184C155C2726B5F10018A00C /* Frameworks */ = {
			isa = PBXFrameworksBuildPhase;
			buildActionMask = 2147483647;
			files = (
				184C15602726B5F10018A00C /* SocialLogins.framework in Frameworks */,
				D381661B39D8D5FBDB0FB08C /* Pods_SocialLogins_SocialLoginsTests.framework in Frameworks */,
			);
			runOnlyForDeploymentPostprocessing = 0;
		};
/* End PBXFrameworksBuildPhase section */

/* Begin PBXGroup section */
		184C154B2726B5F10018A00C = {
			isa = PBXGroup;
			children = (
				184C15572726B5F10018A00C /* SocialLogins */,
				184C15632726B5F10018A00C /* SocialLoginsTests */,
				184C15562726B5F10018A00C /* Products */,
				865E48B6163EA2E8B9C8092C /* Pods */,
				C85453F5C6DCF461D0646885 /* Frameworks */,
			);
			sourceTree = "<group>";
		};
		184C15562726B5F10018A00C /* Products */ = {
			isa = PBXGroup;
			children = (
				184C15552726B5F10018A00C /* SocialLogins.framework */,
				184C155F2726B5F10018A00C /* SocialLoginsTests.xctest */,
			);
			name = Products;
			sourceTree = "<group>";
		};
		184C15572726B5F10018A00C /* SocialLogins */ = {
			isa = PBXGroup;
			children = (
				184C15582726B5F10018A00C /* SocialLogins.h */,
				184C15592726B5F10018A00C /* SocialLogins.docc */,
				184C156F2726B6320018A00C /* SocialLoginHandler.swift */,
			);
			path = SocialLogins;
			sourceTree = "<group>";
		};
		184C15632726B5F10018A00C /* SocialLoginsTests */ = {
			isa = PBXGroup;
			children = (
				184C15642726B5F10018A00C /* SocialLoginsTests.swift */,
			);
			path = SocialLoginsTests;
			sourceTree = "<group>";
		};
		865E48B6163EA2E8B9C8092C /* Pods */ = {
			isa = PBXGroup;
			children = (
				C44791565C590E92E7141E01 /* Pods-SocialLogins.debug.xcconfig */,
				101447668FCA736DDB89F6AD /* Pods-SocialLogins.release.xcconfig */,
				C2B672FDDB9DC003E7556F02 /* Pods-SocialLogins-SocialLoginsTests.debug.xcconfig */,
				38E159E3A81E471D146D40BA /* Pods-SocialLogins-SocialLoginsTests.release.xcconfig */,
			);
			name = Pods;
			path = Pods;
			sourceTree = "<group>";
		};
		C85453F5C6DCF461D0646885 /* Frameworks */ = {
			isa = PBXGroup;
			children = (
				C24FA14A79EB151F15F18F56 /* Pods_SocialLogins.framework */,
				291D39DD76C0A5B7CF1D05E5 /* Pods_SocialLogins_SocialLoginsTests.framework */,
			);
			name = Frameworks;
			sourceTree = "<group>";
		};
/* End PBXGroup section */

/* Begin PBXHeadersBuildPhase section */
		184C15502726B5F10018A00C /* Headers */ = {
			isa = PBXHeadersBuildPhase;
			buildActionMask = 2147483647;
			files = (
				184C15662726B5F10018A00C /* SocialLogins.h in Headers */,
			);
			runOnlyForDeploymentPostprocessing = 0;
		};
/* End PBXHeadersBuildPhase section */

/* Begin PBXNativeTarget section */
		184C15542726B5F10018A00C /* SocialLogins */ = {
			isa = PBXNativeTarget;
			buildConfigurationList = 184C15692726B5F10018A00C /* Build configuration list for PBXNativeTarget "SocialLogins" */;
			buildPhases = (
				CAB38C47A886834597E6416C /* [CP] Check Pods Manifest.lock */,
				184C15502726B5F10018A00C /* Headers */,
				184C15512726B5F10018A00C /* Sources */,
				184C15522726B5F10018A00C /* Frameworks */,
				184C15532726B5F10018A00C /* Resources */,
			);
			buildRules = (
			);
			dependencies = (
			);
			name = SocialLogins;
			productName = SocialLogins;
			productReference = 184C15552726B5F10018A00C /* SocialLogins.framework */;
			productType = "com.apple.product-type.framework";
		};
		184C155E2726B5F10018A00C /* SocialLoginsTests */ = {
			isa = PBXNativeTarget;
			buildConfigurationList = 184C156C2726B5F10018A00C /* Build configuration list for PBXNativeTarget "SocialLoginsTests" */;
			buildPhases = (
				D088FB3CC128864EC44678D4 /* [CP] Check Pods Manifest.lock */,
				184C155B2726B5F10018A00C /* Sources */,
				184C155C2726B5F10018A00C /* Frameworks */,
				184C155D2726B5F10018A00C /* Resources */,
				F875FEB903579F6093FC86CA /* [CP] Embed Pods Frameworks */,
			);
			buildRules = (
			);
			dependencies = (
				184C15622726B5F10018A00C /* PBXTargetDependency */,
			);
			name = SocialLoginsTests;
			productName = SocialLoginsTests;
			productReference = 184C155F2726B5F10018A00C /* SocialLoginsTests.xctest */;
			productType = "com.apple.product-type.bundle.unit-test";
		};
/* End PBXNativeTarget section */

/* Begin PBXProject section */
		184C154C2726B5F10018A00C /* Project object */ = {
			isa = PBXProject;
			attributes = {
				BuildIndependentTargetsInParallel = 1;
				LastSwiftUpdateCheck = 1300;
				LastUpgradeCheck = 1300;
				TargetAttributes = {
					184C15542726B5F10018A00C = {
						CreatedOnToolsVersion = 13.0;
					};
					184C155E2726B5F10018A00C = {
						CreatedOnToolsVersion = 13.0;
					};
				};
			};
			buildConfigurationList = 184C154F2726B5F10018A00C /* Build configuration list for PBXProject "SocialLogins" */;
			compatibilityVersion = "Xcode 13.0";
			developmentRegion = en;
			hasScannedForEncodings = 0;
			knownRegions = (
				en,
				Base,
			);
			mainGroup = 184C154B2726B5F10018A00C;
			productRefGroup = 184C15562726B5F10018A00C /* Products */;
			projectDirPath = "";
			projectRoot = "";
			targets = (
				184C15542726B5F10018A00C /* SocialLogins */,
				184C155E2726B5F10018A00C /* SocialLoginsTests */,
			);
		};
/* End PBXProject section */

/* Begin PBXResourcesBuildPhase section */
		184C15532726B5F10018A00C /* Resources */ = {
			isa = PBXResourcesBuildPhase;
			buildActionMask = 2147483647;
			files = (
			);
			runOnlyForDeploymentPostprocessing = 0;
		};
		184C155D2726B5F10018A00C /* Resources */ = {
			isa = PBXResourcesBuildPhase;
			buildActionMask = 2147483647;
			files = (
			);
			runOnlyForDeploymentPostprocessing = 0;
		};
/* End PBXResourcesBuildPhase section */

/* Begin PBXShellScriptBuildPhase section */
		CAB38C47A886834597E6416C /* [CP] Check Pods Manifest.lock */ = {
			isa = PBXShellScriptBuildPhase;
			buildActionMask = 2147483647;
			files = (
			);
			inputFileListPaths = (
			);
			inputPaths = (
				"${PODS_PODFILE_DIR_PATH}/Podfile.lock",
				"${PODS_ROOT}/Manifest.lock",
			);
			name = "[CP] Check Pods Manifest.lock";
			outputFileListPaths = (
			);
			outputPaths = (
				"$(DERIVED_FILE_DIR)/Pods-SocialLogins-checkManifestLockResult.txt",
			);
			runOnlyForDeploymentPostprocessing = 0;
			shellPath = /bin/sh;
			shellScript = "diff \"${PODS_PODFILE_DIR_PATH}/Podfile.lock\" \"${PODS_ROOT}/Manifest.lock\" > /dev/null\nif [ $? != 0 ] ; then\n    # print error to STDERR\n    echo \"error: The sandbox is not in sync with the Podfile.lock. Run 'pod install' or update your CocoaPods installation.\" >&2\n    exit 1\nfi\n# This output is used by Xcode 'outputs' to avoid re-running this script phase.\necho \"SUCCESS\" > \"${SCRIPT_OUTPUT_FILE_0}\"\n";
			showEnvVarsInLog = 0;
		};
		D088FB3CC128864EC44678D4 /* [CP] Check Pods Manifest.lock */ = {
			isa = PBXShellScriptBuildPhase;
			buildActionMask = 2147483647;
			files = (
			);
			inputFileListPaths = (
			);
			inputPaths = (
				"${PODS_PODFILE_DIR_PATH}/Podfile.lock",
				"${PODS_ROOT}/Manifest.lock",
			);
			name = "[CP] Check Pods Manifest.lock";
			outputFileListPaths = (
			);
			outputPaths = (
				"$(DERIVED_FILE_DIR)/Pods-SocialLogins-SocialLoginsTests-checkManifestLockResult.txt",
			);
			runOnlyForDeploymentPostprocessing = 0;
			shellPath = /bin/sh;
			shellScript = "diff \"${PODS_PODFILE_DIR_PATH}/Podfile.lock\" \"${PODS_ROOT}/Manifest.lock\" > /dev/null\nif [ $? != 0 ] ; then\n    # print error to STDERR\n    echo \"error: The sandbox is not in sync with the Podfile.lock. Run 'pod install' or update your CocoaPods installation.\" >&2\n    exit 1\nfi\n# This output is used by Xcode 'outputs' to avoid re-running this script phase.\necho \"SUCCESS\" > \"${SCRIPT_OUTPUT_FILE_0}\"\n";
			showEnvVarsInLog = 0;
		};
		F875FEB903579F6093FC86CA /* [CP] Embed Pods Frameworks */ = {
			isa = PBXShellScriptBuildPhase;
			buildActionMask = 2147483647;
			files = (
			);
			inputFileListPaths = (
				"${PODS_ROOT}/Target Support Files/Pods-SocialLogins-SocialLoginsTests/Pods-SocialLogins-SocialLoginsTests-frameworks-${CONFIGURATION}-input-files.xcfilelist",
			);
			name = "[CP] Embed Pods Frameworks";
			outputFileListPaths = (
				"${PODS_ROOT}/Target Support Files/Pods-SocialLogins-SocialLoginsTests/Pods-SocialLogins-SocialLoginsTests-frameworks-${CONFIGURATION}-output-files.xcfilelist",
			);
			runOnlyForDeploymentPostprocessing = 0;
			shellPath = /bin/sh;
			shellScript = "\"${PODS_ROOT}/Target Support Files/Pods-SocialLogins-SocialLoginsTests/Pods-SocialLogins-SocialLoginsTests-frameworks.sh\"\n";
			showEnvVarsInLog = 0;
		};
/* End PBXShellScriptBuildPhase section */

/* Begin PBXSourcesBuildPhase section */
		184C15512726B5F10018A00C /* Sources */ = {
			isa = PBXSourcesBuildPhase;
			buildActionMask = 2147483647;
			files = (
				184C155A2726B5F10018A00C /* SocialLogins.docc in Sources */,
				184C15702726B6320018A00C /* SocialLoginHandler.swift in Sources */,
			);
			runOnlyForDeploymentPostprocessing = 0;
		};
		184C155B2726B5F10018A00C /* Sources */ = {
			isa = PBXSourcesBuildPhase;
			buildActionMask = 2147483647;
			files = (
				184C15652726B5F10018A00C /* SocialLoginsTests.swift in Sources */,
			);
			runOnlyForDeploymentPostprocessing = 0;
		};
/* End PBXSourcesBuildPhase section */

/* Begin PBXTargetDependency section */
		184C15622726B5F10018A00C /* PBXTargetDependency */ = {
			isa = PBXTargetDependency;
			target = 184C15542726B5F10018A00C /* SocialLogins */;
			targetProxy = 184C15612726B5F10018A00C /* PBXContainerItemProxy */;
		};
/* End PBXTargetDependency section */

/* Begin XCBuildConfiguration section */
		184C15672726B5F10018A00C /* Debug */ = {
			isa = XCBuildConfiguration;
			buildSettings = {
				ALWAYS_SEARCH_USER_PATHS = NO;
				CLANG_ANALYZER_NONNULL = YES;
				CLANG_ANALYZER_NUMBER_OBJECT_CONVERSION = YES_AGGRESSIVE;
				CLANG_CXX_LANGUAGE_STANDARD = "gnu++17";
				CLANG_CXX_LIBRARY = "libc++";
				CLANG_ENABLE_MODULES = YES;
				CLANG_ENABLE_OBJC_ARC = YES;
				CLANG_ENABLE_OBJC_WEAK = YES;
				CLANG_WARN_BLOCK_CAPTURE_AUTORELEASING = YES;
				CLANG_WARN_BOOL_CONVERSION = YES;
				CLANG_WARN_COMMA = YES;
				CLANG_WARN_CONSTANT_CONVERSION = YES;
				CLANG_WARN_DEPRECATED_OBJC_IMPLEMENTATIONS = YES;
				CLANG_WARN_DIRECT_OBJC_ISA_USAGE = YES_ERROR;
				CLANG_WARN_DOCUMENTATION_COMMENTS = YES;
				CLANG_WARN_EMPTY_BODY = YES;
				CLANG_WARN_ENUM_CONVERSION = YES;
				CLANG_WARN_INFINITE_RECURSION = YES;
				CLANG_WARN_INT_CONVERSION = YES;
				CLANG_WARN_NON_LITERAL_NULL_CONVERSION = YES;
				CLANG_WARN_OBJC_IMPLICIT_RETAIN_SELF = YES;
				CLANG_WARN_OBJC_LITERAL_CONVERSION = YES;
				CLANG_WARN_OBJC_ROOT_CLASS = YES_ERROR;
				CLANG_WARN_QUOTED_INCLUDE_IN_FRAMEWORK_HEADER = YES;
				CLANG_WARN_RANGE_LOOP_ANALYSIS = YES;
				CLANG_WARN_STRICT_PROTOTYPES = YES;
				CLANG_WARN_SUSPICIOUS_MOVE = YES;
				CLANG_WARN_UNGUARDED_AVAILABILITY = YES_AGGRESSIVE;
				CLANG_WARN_UNREACHABLE_CODE = YES;
				CLANG_WARN__DUPLICATE_METHOD_MATCH = YES;
				COPY_PHASE_STRIP = NO;
				CURRENT_PROJECT_VERSION = 1;
				DEBUG_INFORMATION_FORMAT = dwarf;
				ENABLE_STRICT_OBJC_MSGSEND = YES;
				ENABLE_TESTABILITY = YES;
				GCC_C_LANGUAGE_STANDARD = gnu11;
				GCC_DYNAMIC_NO_PIC = NO;
				GCC_NO_COMMON_BLOCKS = YES;
				GCC_OPTIMIZATION_LEVEL = 0;
				GCC_PREPROCESSOR_DEFINITIONS = (
					"DEBUG=1",
					"$(inherited)",
				);
				GCC_WARN_64_TO_32_BIT_CONVERSION = YES;
				GCC_WARN_ABOUT_RETURN_TYPE = YES_ERROR;
				GCC_WARN_UNDECLARED_SELECTOR = YES;
				GCC_WARN_UNINITIALIZED_AUTOS = YES_AGGRESSIVE;
				GCC_WARN_UNUSED_FUNCTION = YES;
				GCC_WARN_UNUSED_VARIABLE = YES;
				IPHONEOS_DEPLOYMENT_TARGET = 15.0;
				MTL_ENABLE_DEBUG_INFO = INCLUDE_SOURCE;
				MTL_FAST_MATH = YES;
				ONLY_ACTIVE_ARCH = YES;
				SDKROOT = iphoneos;
				SWIFT_ACTIVE_COMPILATION_CONDITIONS = DEBUG;
				SWIFT_OPTIMIZATION_LEVEL = "-Onone";
				VERSIONING_SYSTEM = "apple-generic";
				VERSION_INFO_PREFIX = "";
			};
			name = Debug;
		};
		184C15682726B5F10018A00C /* Release */ = {
			isa = XCBuildConfiguration;
			buildSettings = {
				ALWAYS_SEARCH_USER_PATHS = NO;
				CLANG_ANALYZER_NONNULL = YES;
				CLANG_ANALYZER_NUMBER_OBJECT_CONVERSION = YES_AGGRESSIVE;
				CLANG_CXX_LANGUAGE_STANDARD = "gnu++17";
				CLANG_CXX_LIBRARY = "libc++";
				CLANG_ENABLE_MODULES = YES;
				CLANG_ENABLE_OBJC_ARC = YES;
				CLANG_ENABLE_OBJC_WEAK = YES;
				CLANG_WARN_BLOCK_CAPTURE_AUTORELEASING = YES;
				CLANG_WARN_BOOL_CONVERSION = YES;
				CLANG_WARN_COMMA = YES;
				CLANG_WARN_CONSTANT_CONVERSION = YES;
				CLANG_WARN_DEPRECATED_OBJC_IMPLEMENTATIONS = YES;
				CLANG_WARN_DIRECT_OBJC_ISA_USAGE = YES_ERROR;
				CLANG_WARN_DOCUMENTATION_COMMENTS = YES;
				CLANG_WARN_EMPTY_BODY = YES;
				CLANG_WARN_ENUM_CONVERSION = YES;
				CLANG_WARN_INFINITE_RECURSION = YES;
				CLANG_WARN_INT_CONVERSION = YES;
				CLANG_WARN_NON_LITERAL_NULL_CONVERSION = YES;
				CLANG_WARN_OBJC_IMPLICIT_RETAIN_SELF = YES;
				CLANG_WARN_OBJC_LITERAL_CONVERSION = YES;
				CLANG_WARN_OBJC_ROOT_CLASS = YES_ERROR;
				CLANG_WARN_QUOTED_INCLUDE_IN_FRAMEWORK_HEADER = YES;
				CLANG_WARN_RANGE_LOOP_ANALYSIS = YES;
				CLANG_WARN_STRICT_PROTOTYPES = YES;
				CLANG_WARN_SUSPICIOUS_MOVE = YES;
				CLANG_WARN_UNGUARDED_AVAILABILITY = YES_AGGRESSIVE;
				CLANG_WARN_UNREACHABLE_CODE = YES;
				CLANG_WARN__DUPLICATE_METHOD_MATCH = YES;
				COPY_PHASE_STRIP = NO;
				CURRENT_PROJECT_VERSION = 1;
				DEBUG_INFORMATION_FORMAT = "dwarf-with-dsym";
				ENABLE_NS_ASSERTIONS = NO;
				ENABLE_STRICT_OBJC_MSGSEND = YES;
				GCC_C_LANGUAGE_STANDARD = gnu11;
				GCC_NO_COMMON_BLOCKS = YES;
				GCC_WARN_64_TO_32_BIT_CONVERSION = YES;
				GCC_WARN_ABOUT_RETURN_TYPE = YES_ERROR;
				GCC_WARN_UNDECLARED_SELECTOR = YES;
				GCC_WARN_UNINITIALIZED_AUTOS = YES_AGGRESSIVE;
				GCC_WARN_UNUSED_FUNCTION = YES;
				GCC_WARN_UNUSED_VARIABLE = YES;
				IPHONEOS_DEPLOYMENT_TARGET = 15.0;
				MTL_ENABLE_DEBUG_INFO = NO;
				MTL_FAST_MATH = YES;
				SDKROOT = iphoneos;
				SWIFT_COMPILATION_MODE = wholemodule;
				SWIFT_OPTIMIZATION_LEVEL = "-O";
				VALIDATE_PRODUCT = YES;
				VERSIONING_SYSTEM = "apple-generic";
				VERSION_INFO_PREFIX = "";
			};
			name = Release;
		};
		184C156A2726B5F10018A00C /* Debug */ = {
			isa = XCBuildConfiguration;
			baseConfigurationReference = C44791565C590E92E7141E01 /* Pods-SocialLogins.debug.xcconfig */;
			buildSettings = {
				CODE_SIGN_STYLE = Automatic;
				CURRENT_PROJECT_VERSION = 1;
				DEFINES_MODULE = YES;
				DEVELOPMENT_TEAM = W89HL6566S;
				DYLIB_COMPATIBILITY_VERSION = 1;
				DYLIB_CURRENT_VERSION = 1;
				DYLIB_INSTALL_NAME_BASE = "@rpath";
				GENERATE_INFOPLIST_FILE = YES;
				INFOPLIST_KEY_NSHumanReadableCopyright = "";
				INSTALL_PATH = "$(LOCAL_LIBRARY_DIR)/Frameworks";
				LD_RUNPATH_SEARCH_PATHS = (
					"$(inherited)",
					"@executable_path/Frameworks",
					"@loader_path/Frameworks",
				);
				MARKETING_VERSION = 1.0;
				PRODUCT_BUNDLE_IDENTIFIER = trioangle.SocialLogins;
				PRODUCT_NAME = "$(TARGET_NAME:c99extidentifier)";
				SKIP_INSTALL = YES;
				SWIFT_EMIT_LOC_STRINGS = YES;
				SWIFT_VERSION = 5.0;
				TARGETED_DEVICE_FAMILY = "1,2";
			};
			name = Debug;
		};
		184C156B2726B5F10018A00C /* Release */ = {
			isa = XCBuildConfiguration;
			baseConfigurationReference = 101447668FCA736DDB89F6AD /* Pods-SocialLogins.release.xcconfig */;
			buildSettings = {
				CODE_SIGN_STYLE = Automatic;
				CURRENT_PROJECT_VERSION = 1;
				DEFINES_MODULE = YES;
				DEVELOPMENT_TEAM = W89HL6566S;
				DYLIB_COMPATIBILITY_VERSION = 1;
				DYLIB_CURRENT_VERSION = 1;
				DYLIB_INSTALL_NAME_BASE = "@rpath";
				GENERATE_INFOPLIST_FILE = YES;
				INFOPLIST_KEY_NSHumanReadableCopyright = "";
				INSTALL_PATH = "$(LOCAL_LIBRARY_DIR)/Frameworks";
				LD_RUNPATH_SEARCH_PATHS = (
					"$(inherited)",
					"@executable_path/Frameworks",
					"@loader_path/Frameworks",
				);
				MARKETING_VERSION = 1.0;
				PRODUCT_BUNDLE_IDENTIFIER = trioangle.SocialLogins;
				PRODUCT_NAME = "$(TARGET_NAME:c99extidentifier)";
				SKIP_INSTALL = YES;
				SWIFT_EMIT_LOC_STRINGS = YES;
				SWIFT_VERSION = 5.0;
				TARGETED_DEVICE_FAMILY = "1,2";
			};
			name = Release;
		};
		184C156D2726B5F10018A00C /* Debug */ = {
			isa = XCBuildConfiguration;
			baseConfigurationReference = C2B672FDDB9DC003E7556F02 /* Pods-SocialLogins-SocialLoginsTests.debug.xcconfig */;
			buildSettings = {
				ALWAYS_EMBED_SWIFT_STANDARD_LIBRARIES = YES;
				CODE_SIGN_STYLE = Automatic;
				CURRENT_PROJECT_VERSION = 1;
				DEVELOPMENT_TEAM = W89HL6566S;
				GENERATE_INFOPLIST_FILE = YES;
				LD_RUNPATH_SEARCH_PATHS = (
					"$(inherited)",
					"@executable_path/Frameworks",
					"@loader_path/Frameworks",
				);
				MARKETING_VERSION = 1.0;
				PRODUCT_BUNDLE_IDENTIFIER = trioangle.SocialLoginsTests;
				PRODUCT_NAME = "$(TARGET_NAME)";
				SWIFT_EMIT_LOC_STRINGS = NO;
				SWIFT_VERSION = 5.0;
				TARGETED_DEVICE_FAMILY = "1,2";
			};
			name = Debug;
		};
		184C156E2726B5F10018A00C /* Release */ = {
			isa = XCBuildConfiguration;
			baseConfigurationReference = 38E159E3A81E471D146D40BA /* Pods-SocialLogins-SocialLoginsTests.release.xcconfig */;
			buildSettings = {
				ALWAYS_EMBED_SWIFT_STANDARD_LIBRARIES = YES;
				CODE_SIGN_STYLE = Automatic;
				CURRENT_PROJECT_VERSION = 1;
				DEVELOPMENT_TEAM = W89HL6566S;
				GENERATE_INFOPLIST_FILE = YES;
				LD_RUNPATH_SEARCH_PATHS = (
					"$(inherited)",
					"@executable_path/Frameworks",
					"@loader_path/Frameworks",
				);
				MARKETING_VERSION = 1.0;
				PRODUCT_BUNDLE_IDENTIFIER = trioangle.SocialLoginsTests;
				PRODUCT_NAME = "$(TARGET_NAME)";
				SWIFT_EMIT_LOC_STRINGS = NO;
				SWIFT_VERSION = 5.0;
				TARGETED_DEVICE_FAMILY = "1,2";
			};
			name = Release;
		};
/* End XCBuildConfiguration section */

/* Begin XCConfigurationList section */
		184C154F2726B5F10018A00C /* Build configuration list for PBXProject "SocialLogins" */ = {
			isa = XCConfigurationList;
			buildConfigurations = (
				184C15672726B5F10018A00C /* Debug */,
				184C15682726B5F10018A00C /* Release */,
			);
			defaultConfigurationIsVisible = 0;
			defaultConfigurationName = Release;
		};
		184C15692726B5F10018A00C /* Build configuration list for PBXNativeTarget "SocialLogins" */ = {
			isa = XCConfigurationList;
			buildConfigurations = (
				184C156A2726B5F10018A00C /* Debug */,
				184C156B2726B5F10018A00C /* Release */,
			);
			defaultConfigurationIsVisible = 0;
			defaultConfigurationName = Release;
		};
		184C156C2726B5F10018A00C /* Build configuration list for PBXNativeTarget "SocialLoginsTests" */ = {
			isa = XCConfigurationList;
			buildConfigurations = (
				184C156D2726B5F10018A00C /* Debug */,
				184C156E2726B5F10018A00C /* Release */,
			);
			defaultConfigurationIsVisible = 0;
			defaultConfigurationName = Release;
		};
/* End XCConfigurationList section */
	};
	rootObject = 184C154C2726B5F10018A00C /* Project object */;
}
